// !$*UTF8*$!
{
	archiveVersion = 1;
	classes = {
	};
	objectVersion = 46;
	objects = {

/* Begin PBXBuildFile section */
		BF078EF11870DA3B007A8528 /* MediaPlayer.framework in Frameworks */ = {isa = PBXBuildFile; fileRef = BF078EF01870DA3B007A8528 /* MediaPlayer.framework */; };
		BF078F0118766B0F007A8528 /* AppIcon-76.png in Resources */ = {isa = PBXBuildFile; fileRef = BF078EF218766B0F007A8528 /* AppIcon-76.png */; };
		BF078F0218766B0F007A8528 /* AppIcon-76@2x.png in Resources */ = {isa = PBXBuildFile; fileRef = BF078EF318766B0F007A8528 /* AppIcon-76@2x.png */; };
		BF078F0318766B0F007A8528 /* AppIcon-Small-50.png in Resources */ = {isa = PBXBuildFile; fileRef = BF078EF418766B0F007A8528 /* AppIcon-Small-50.png */; };
		BF078F0418766B0F007A8528 /* AppIcon-Small.png in Resources */ = {isa = PBXBuildFile; fileRef = BF078EF518766B0F007A8528 /* AppIcon-Small.png */; };
		BF078F0518766B0F007A8528 /* AppIcon-Small@2x.png in Resources */ = {isa = PBXBuildFile; fileRef = BF078EF618766B0F007A8528 /* AppIcon-Small@2x.png */; };
		BF078F0618766B0F007A8528 /* AppIcon.png in Resources */ = {isa = PBXBuildFile; fileRef = BF078EF718766B0F007A8528 /* AppIcon.png */; };
		BF078F0718766B0F007A8528 /* AppIcon@2x.png in Resources */ = {isa = PBXBuildFile; fileRef = BF078EF818766B0F007A8528 /* AppIcon@2x.png */; };
		BF078F0818766B0F007A8528 /* iTunesArtwork.png in Resources */ = {isa = PBXBuildFile; fileRef = BF078EF918766B0F007A8528 /* iTunesArtwork.png */; };
		BF078F0918766B0F007A8528 /* iTunesArtwork@2x.png in Resources */ = {isa = PBXBuildFile; fileRef = BF078EFA18766B0F007A8528 /* iTunesArtwork@2x.png */; };
		BF078F0A18766B0F007A8528 /* AppIcon-40.png in Resources */ = {isa = PBXBuildFile; fileRef = BF078EFB18766B0F007A8528 /* AppIcon-40.png */; };
		BF078F0B18766B0F007A8528 /* AppIcon-40@2x.png in Resources */ = {isa = PBXBuildFile; fileRef = BF078EFC18766B0F007A8528 /* AppIcon-40@2x.png */; };
		BF078F0C18766B0F007A8528 /* AppIcon-60.png in Resources */ = {isa = PBXBuildFile; fileRef = BF078EFD18766B0F007A8528 /* AppIcon-60.png */; };
		BF078F0D18766B0F007A8528 /* AppIcon-60@2x.png in Resources */ = {isa = PBXBuildFile; fileRef = BF078EFE18766B0F007A8528 /* AppIcon-60@2x.png */; };
		BF078F0E18766B0F007A8528 /* AppIcon-72.png in Resources */ = {isa = PBXBuildFile; fileRef = BF078EFF18766B0F007A8528 /* AppIcon-72.png */; };
		BF078F0F18766B0F007A8528 /* AppIcon-72@2x.png in Resources */ = {isa = PBXBuildFile; fileRef = BF078F0018766B0F007A8528 /* AppIcon-72@2x.png */; };
		BF078F1118766D4A007A8528 /* AppIcon-Small-50@2x.png in Resources */ = {isa = PBXBuildFile; fileRef = BF078F1018766D4A007A8528 /* AppIcon-Small-50@2x.png */; };
		BF078F1318767271007A8528 /* Default-568h@2x.png in Resources */ = {isa = PBXBuildFile; fileRef = BF078F1218767271007A8528 /* Default-568h@2x.png */; };
		BF10EFF6170D38E100FC1323 /* TestStartViewController.m in Sources */ = {isa = PBXBuildFile; fileRef = BF10EFF5170D38E100FC1323 /* TestStartViewController.m */; };
		BF1615A31685294400C9CB0E /* UIKit.framework in Frameworks */ = {isa = PBXBuildFile; fileRef = BF1615A21685294400C9CB0E /* UIKit.framework */; };
		BF1615A51685294400C9CB0E /* Foundation.framework in Frameworks */ = {isa = PBXBuildFile; fileRef = BF1615A41685294400C9CB0E /* Foundation.framework */; };
		BF1615A71685294400C9CB0E /* CoreGraphics.framework in Frameworks */ = {isa = PBXBuildFile; fileRef = BF1615A61685294400C9CB0E /* CoreGraphics.framework */; };
		BF1615D61685294500C9CB0E /* UIKit.framework in Frameworks */ = {isa = PBXBuildFile; fileRef = BF1615A21685294400C9CB0E /* UIKit.framework */; };
		BF1615D71685294500C9CB0E /* Foundation.framework in Frameworks */ = {isa = PBXBuildFile; fileRef = BF1615A41685294400C9CB0E /* Foundation.framework */; };
		BF3867D81696CEE600D46E58 /* MessageUI.framework in Frameworks */ = {isa = PBXBuildFile; fileRef = BF3867D71696CEE600D46E58 /* MessageUI.framework */; };
		BF7373BC169FE3A900398A09 /* ResultDetailTableViewController.m in Sources */ = {isa = PBXBuildFile; fileRef = BF7373BB169FE3A900398A09 /* ResultDetailTableViewController.m */; };
		BF7373C0169FF5E200398A09 /* OTNavigationController.m in Sources */ = {isa = PBXBuildFile; fileRef = BF7373BF169FF5E200398A09 /* OTNavigationController.m */; };
		BF7E082E177EC99F000A2253 /* CoreImage.framework in Frameworks */ = {isa = PBXBuildFile; fileRef = BF7E082C177EC965000A2253 /* CoreImage.framework */; };
		BFAABC03169EB45E002C3316 /* HearingTestTests.m in Sources */ = {isa = PBXBuildFile; fileRef = BFAABC02169EB45E002C3316 /* HearingTestTests.m */; };
		BFAABC06169F4CE2002C3316 /* OtoTest.xcdatamodeld in Sources */ = {isa = PBXBuildFile; fileRef = BFAABC04169F4CE2002C3316 /* OtoTest.xcdatamodeld */; };
		BFB95A32177CFC9E007D96DD /* SettingsViewController.m in Sources */ = {isa = PBXBuildFile; fileRef = BFB95A31177CFC9E007D96DD /* SettingsViewController.m */; };
		BFB95A36177D0BD6007D96DD /* SettingsTabBarIcon.png in Resources */ = {isa = PBXBuildFile; fileRef = BFB95A34177D0BD5007D96DD /* SettingsTabBarIcon.png */; };
		BFB95A37177D0BD6007D96DD /* SettingsTabBarIcon@2x.png in Resources */ = {isa = PBXBuildFile; fileRef = BFB95A35177D0BD6007D96DD /* SettingsTabBarIcon@2x.png */; };
		BFB95A3A177E70B6007D96DD /* Crashlytics.framework in Frameworks */ = {isa = PBXBuildFile; fileRef = BFB95A39177E70B6007D96DD /* Crashlytics.framework */; };
		BFC0276E168E299C00CE3F80 /* SenTestingKit.framework in Frameworks */ = {isa = PBXBuildFile; fileRef = BFC0276C168E297600CE3F80 /* SenTestingKit.framework */; };
		BFC027C9168E899500CE3F80 /* InfoPlist.strings in Resources */ = {isa = PBXBuildFile; fileRef = BFC027AC168E899500CE3F80 /* InfoPlist.strings */; };
		BFC027CB168E899500CE3F80 /* AppDelegate.m in Sources */ = {isa = PBXBuildFile; fileRef = BFC027B2168E899500CE3F80 /* AppDelegate.m */; };
		BFC027CC168E899500CE3F80 /* TestViewController.m in Sources */ = {isa = PBXBuildFile; fileRef = BFC027B5168E899500CE3F80 /* TestViewController.m */; };
		BFC027D4168E899500CE3F80 /* MainStoryboard_iPhone.storyboard in Resources */ = {isa = PBXBuildFile; fileRef = BFC027C3168E899500CE3F80 /* MainStoryboard_iPhone.storyboard */; };
		BFC027D5168E899500CE3F80 /* main.m in Sources */ = {isa = PBXBuildFile; fileRef = BFC027C5168E899500CE3F80 /* main.m */; };
		BFC027D7168E8A1000CE3F80 /* OtoTestTests.m in Sources */ = {isa = PBXBuildFile; fileRef = BFC027AA168E899500CE3F80 /* OtoTestTests.m */; };
		BFC027E8168F603400CE3F80 /* 10000Hz.mp3 in Resources */ = {isa = PBXBuildFile; fileRef = BFC027E1168F603400CE3F80 /* 10000Hz.mp3 */; };
		BFC027EA168F603400CE3F80 /* 12500Hz.mp3 in Resources */ = {isa = PBXBuildFile; fileRef = BFC027E3168F603400CE3F80 /* 12500Hz.mp3 */; };
		BFC027EC168F603400CE3F80 /* 16000Hz.mp3 in Resources */ = {isa = PBXBuildFile; fileRef = BFC027E5168F603400CE3F80 /* 16000Hz.mp3 */; };
		BFC027ED168F603400CE3F80 /* 8000Hz.mp3 in Resources */ = {isa = PBXBuildFile; fileRef = BFC027E6168F603400CE3F80 /* 8000Hz.mp3 */; };
		BFC027FD16905A0600CE3F80 /* OTFrequencyResult.m in Sources */ = {isa = PBXBuildFile; fileRef = BFC027FC16905A0600CE3F80 /* OTFrequencyResult.m */; };
		BFC02830169105F300CE3F80 /* CoreData.framework in Frameworks */ = {isa = PBXBuildFile; fileRef = BFC0282F169105F200CE3F80 /* CoreData.framework */; };
		BFC0283F16917C5700CE3F80 /* OTViewController.m in Sources */ = {isa = PBXBuildFile; fileRef = BFC0283E16917C5600CE3F80 /* OTViewController.m */; };
		BFC028431691889000CE3F80 /* ResultsTableViewController.m in Sources */ = {isa = PBXBuildFile; fileRef = BFC028421691888F00CE3F80 /* ResultsTableViewController.m */; };
		BFC02845169275E700CE3F80 /* AVFoundation.framework in Frameworks */ = {isa = PBXBuildFile; fileRef = BFC02844169275E700CE3F80 /* AVFoundation.framework */; };
		BFC0284916945ABF00CE3F80 /* NSArray-Blocks.m in Sources */ = {isa = PBXBuildFile; fileRef = BFC0284816945ABF00CE3F80 /* NSArray-Blocks.m */; };
		BFC0284D1694D29F00CE3F80 /* OTShared.m in Sources */ = {isa = PBXBuildFile; fileRef = BFC0284C1694D29F00CE3F80 /* OTShared.m */; };
		BFC0284F169525B000CE3F80 /* OTResult.m in Sources */ = {isa = PBXBuildFile; fileRef = BFC0284E169525AF00CE3F80 /* OTResult.m */; };
		BFC35EB916A1064D00E9467A /* ResultsTabBarIcon.png in Resources */ = {isa = PBXBuildFile; fileRef = BFC35EB716A1064D00E9467A /* ResultsTabBarIcon.png */; };
		BFC35EBA16A1064D00E9467A /* ResultsTabBarIcon@2x.png in Resources */ = {isa = PBXBuildFile; fileRef = BFC35EB816A1064D00E9467A /* ResultsTabBarIcon@2x.png */; };
		BFC35EBD16A10B2900E9467A /* TestTabBarIcon.png in Resources */ = {isa = PBXBuildFile; fileRef = BFC35EBB16A10B2900E9467A /* TestTabBarIcon.png */; };
		BFC35EBE16A10B2900E9467A /* TestTabBarIcon@2x.png in Resources */ = {isa = PBXBuildFile; fileRef = BFC35EBC16A10B2900E9467A /* TestTabBarIcon@2x.png */; };
/* End PBXBuildFile section */

/* Begin PBXContainerItemProxy section */
		BF1615D81685294500C9CB0E /* PBXContainerItemProxy */ = {
			isa = PBXContainerItemProxy;
			containerPortal = BF1615951685294400C9CB0E /* Project object */;
			proxyType = 1;
			remoteGlobalIDString = BF16159D1685294400C9CB0E;
			remoteInfo = iOSRefresh;
		};
/* End PBXContainerItemProxy section */

/* Begin PBXFileReference section */
		BF078EF01870DA3B007A8528 /* MediaPlayer.framework */ = {isa = PBXFileReference; lastKnownFileType = wrapper.framework; name = MediaPlayer.framework; path = System/Library/Frameworks/MediaPlayer.framework; sourceTree = SDKROOT; };
		BF078EF218766B0F007A8528 /* AppIcon-76.png */ = {isa = PBXFileReference; lastKnownFileType = image.png; path = "AppIcon-76.png"; sourceTree = "<group>"; };
		BF078EF318766B0F007A8528 /* AppIcon-76@2x.png */ = {isa = PBXFileReference; lastKnownFileType = image.png; path = "AppIcon-76@2x.png"; sourceTree = "<group>"; };
		BF078EF418766B0F007A8528 /* AppIcon-Small-50.png */ = {isa = PBXFileReference; lastKnownFileType = image.png; path = "AppIcon-Small-50.png"; sourceTree = "<group>"; };
		BF078EF518766B0F007A8528 /* AppIcon-Small.png */ = {isa = PBXFileReference; lastKnownFileType = image.png; path = "AppIcon-Small.png"; sourceTree = "<group>"; };
		BF078EF618766B0F007A8528 /* AppIcon-Small@2x.png */ = {isa = PBXFileReference; lastKnownFileType = image.png; path = "AppIcon-Small@2x.png"; sourceTree = "<group>"; };
		BF078EF718766B0F007A8528 /* AppIcon.png */ = {isa = PBXFileReference; lastKnownFileType = image.png; path = AppIcon.png; sourceTree = "<group>"; };
		BF078EF818766B0F007A8528 /* AppIcon@2x.png */ = {isa = PBXFileReference; lastKnownFileType = image.png; path = "AppIcon@2x.png"; sourceTree = "<group>"; };
		BF078EF918766B0F007A8528 /* iTunesArtwork.png */ = {isa = PBXFileReference; lastKnownFileType = image.png; path = iTunesArtwork.png; sourceTree = "<group>"; };
		BF078EFA18766B0F007A8528 /* iTunesArtwork@2x.png */ = {isa = PBXFileReference; lastKnownFileType = image.png; path = "iTunesArtwork@2x.png"; sourceTree = "<group>"; };
		BF078EFB18766B0F007A8528 /* AppIcon-40.png */ = {isa = PBXFileReference; lastKnownFileType = image.png; path = "AppIcon-40.png"; sourceTree = "<group>"; };
		BF078EFC18766B0F007A8528 /* AppIcon-40@2x.png */ = {isa = PBXFileReference; lastKnownFileType = image.png; path = "AppIcon-40@2x.png"; sourceTree = "<group>"; };
		BF078EFD18766B0F007A8528 /* AppIcon-60.png */ = {isa = PBXFileReference; lastKnownFileType = image.png; path = "AppIcon-60.png"; sourceTree = "<group>"; };
		BF078EFE18766B0F007A8528 /* AppIcon-60@2x.png */ = {isa = PBXFileReference; lastKnownFileType = image.png; path = "AppIcon-60@2x.png"; sourceTree = "<group>"; };
		BF078EFF18766B0F007A8528 /* AppIcon-72.png */ = {isa = PBXFileReference; lastKnownFileType = image.png; path = "AppIcon-72.png"; sourceTree = "<group>"; };
		BF078F0018766B0F007A8528 /* AppIcon-72@2x.png */ = {isa = PBXFileReference; lastKnownFileType = image.png; path = "AppIcon-72@2x.png"; sourceTree = "<group>"; };
		BF078F1018766D4A007A8528 /* AppIcon-Small-50@2x.png */ = {isa = PBXFileReference; lastKnownFileType = image.png; path = "AppIcon-Small-50@2x.png"; sourceTree = "<group>"; };
		BF078F1218767271007A8528 /* Default-568h@2x.png */ = {isa = PBXFileReference; lastKnownFileType = image.png; path = "Default-568h@2x.png"; sourceTree = "<group>"; };
		BF10EFF4170D38E100FC1323 /* TestStartViewController.h */ = {isa = PBXFileReference; fileEncoding = 4; lastKnownFileType = sourcecode.c.h; path = TestStartViewController.h; sourceTree = "<group>"; };
		BF10EFF5170D38E100FC1323 /* TestStartViewController.m */ = {isa = PBXFileReference; fileEncoding = 4; lastKnownFileType = sourcecode.c.objc; path = TestStartViewController.m; sourceTree = "<group>"; };
		BF16159E1685294400C9CB0E /* OtoTest.app */ = {isa = PBXFileReference; explicitFileType = wrapper.application; includeInIndex = 0; path = OtoTest.app; sourceTree = BUILT_PRODUCTS_DIR; };
		BF1615A21685294400C9CB0E /* UIKit.framework */ = {isa = PBXFileReference; lastKnownFileType = wrapper.framework; name = UIKit.framework; path = System/Library/Frameworks/UIKit.framework; sourceTree = SDKROOT; };
		BF1615A41685294400C9CB0E /* Foundation.framework */ = {isa = PBXFileReference; lastKnownFileType = wrapper.framework; name = Foundation.framework; path = System/Library/Frameworks/Foundation.framework; sourceTree = SDKROOT; };
		BF1615A61685294400C9CB0E /* CoreGraphics.framework */ = {isa = PBXFileReference; lastKnownFileType = wrapper.framework; name = CoreGraphics.framework; path = System/Library/Frameworks/CoreGraphics.framework; sourceTree = SDKROOT; };
		BF1615D31685294500C9CB0E /* OtoTestTests.octest */ = {isa = PBXFileReference; explicitFileType = wrapper.cfbundle; includeInIndex = 0; path = OtoTestTests.octest; sourceTree = BUILT_PRODUCTS_DIR; };
		BF3867D71696CEE600D46E58 /* MessageUI.framework */ = {isa = PBXFileReference; lastKnownFileType = wrapper.framework; name = MessageUI.framework; path = System/Library/Frameworks/MessageUI.framework; sourceTree = SDKROOT; };
		BF7373BA169FE3A800398A09 /* ResultDetailTableViewController.h */ = {isa = PBXFileReference; fileEncoding = 4; lastKnownFileType = sourcecode.c.h; path = ResultDetailTableViewController.h; sourceTree = "<group>"; };
		BF7373BB169FE3A900398A09 /* ResultDetailTableViewController.m */ = {isa = PBXFileReference; fileEncoding = 4; lastKnownFileType = sourcecode.c.objc; path = ResultDetailTableViewController.m; sourceTree = "<group>"; };
		BF7373BE169FF5E200398A09 /* OTNavigationController.h */ = {isa = PBXFileReference; fileEncoding = 4; lastKnownFileType = sourcecode.c.h; path = OTNavigationController.h; sourceTree = "<group>"; };
		BF7373BF169FF5E200398A09 /* OTNavigationController.m */ = {isa = PBXFileReference; fileEncoding = 4; lastKnownFileType = sourcecode.c.objc; path = OTNavigationController.m; sourceTree = "<group>"; };
		BF7E082C177EC965000A2253 /* CoreImage.framework */ = {isa = PBXFileReference; lastKnownFileType = wrapper.framework; name = CoreImage.framework; path = System/Library/Frameworks/CoreImage.framework; sourceTree = SDKROOT; };
		BFAABC01169EB45E002C3316 /* HearingTestTests.h */ = {isa = PBXFileReference; fileEncoding = 4; lastKnownFileType = sourcecode.c.h; path = HearingTestTests.h; sourceTree = "<group>"; };
		BFAABC02169EB45E002C3316 /* HearingTestTests.m */ = {isa = PBXFileReference; fileEncoding = 4; lastKnownFileType = sourcecode.c.objc; path = HearingTestTests.m; sourceTree = "<group>"; };
		BFAABC05169F4CE2002C3316 /* OtoTest0.xcdatamodel */ = {isa = PBXFileReference; lastKnownFileType = wrapper.xcdatamodel; path = OtoTest0.xcdatamodel; sourceTree = "<group>"; };
		BFB95A30177CFC9E007D96DD /* SettingsViewController.h */ = {isa = PBXFileReference; fileEncoding = 4; lastKnownFileType = sourcecode.c.h; path = SettingsViewController.h; sourceTree = "<group>"; };
		BFB95A31177CFC9E007D96DD /* SettingsViewController.m */ = {isa = PBXFileReference; fileEncoding = 4; lastKnownFileType = sourcecode.c.objc; path = SettingsViewController.m; sourceTree = "<group>"; };
		BFB95A34177D0BD5007D96DD /* SettingsTabBarIcon.png */ = {isa = PBXFileReference; lastKnownFileType = image.png; path = SettingsTabBarIcon.png; sourceTree = "<group>"; };
		BFB95A35177D0BD6007D96DD /* SettingsTabBarIcon@2x.png */ = {isa = PBXFileReference; lastKnownFileType = image.png; path = "SettingsTabBarIcon@2x.png"; sourceTree = "<group>"; };
		BFB95A39177E70B6007D96DD /* Crashlytics.framework */ = {isa = PBXFileReference; lastKnownFileType = wrapper.framework; path = Crashlytics.framework; sourceTree = "<group>"; };
		BFC0276C168E297600CE3F80 /* SenTestingKit.framework */ = {isa = PBXFileReference; lastKnownFileType = wrapper.framework; name = SenTestingKit.framework; path = Library/Frameworks/SenTestingKit.framework; sourceTree = DEVELOPER_DIR; };
		BFC027A9168E899500CE3F80 /* OtoTestTests.h */ = {isa = PBXFileReference; fileEncoding = 4; lastKnownFileType = sourcecode.c.h; path = OtoTestTests.h; sourceTree = "<group>"; };
		BFC027AA168E899500CE3F80 /* OtoTestTests.m */ = {isa = PBXFileReference; fileEncoding = 4; lastKnownFileType = sourcecode.c.objc; path = OtoTestTests.m; sourceTree = "<group>"; };
		BFC027AD168E899500CE3F80 /* en */ = {isa = PBXFileReference; lastKnownFileType = text.plist.strings; name = en; path = en.lproj/InfoPlist.strings; sourceTree = "<group>"; };
		BFC027AE168E899500CE3F80 /* OtoTestTests-Info.plist */ = {isa = PBXFileReference; fileEncoding = 4; lastKnownFileType = text.plist.xml; path = "OtoTestTests-Info.plist"; sourceTree = "<group>"; };
		BFC027B1168E899500CE3F80 /* AppDelegate.h */ = {isa = PBXFileReference; fileEncoding = 4; lastKnownFileType = sourcecode.c.h; path = AppDelegate.h; sourceTree = "<group>"; };
		BFC027B2168E899500CE3F80 /* AppDelegate.m */ = {isa = PBXFileReference; fileEncoding = 4; lastKnownFileType = sourcecode.c.objc; path = AppDelegate.m; sourceTree = "<group>"; };
		BFC027B4168E899500CE3F80 /* TestViewController.h */ = {isa = PBXFileReference; fileEncoding = 4; lastKnownFileType = sourcecode.c.h; path = TestViewController.h; sourceTree = "<group>"; };
		BFC027B5168E899500CE3F80 /* TestViewController.m */ = {isa = PBXFileReference; fileEncoding = 4; lastKnownFileType = sourcecode.c.objc; path = TestViewController.m; sourceTree = "<group>"; };
		BFC027C3168E899500CE3F80 /* MainStoryboard_iPhone.storyboard */ = {isa = PBXFileReference; fileEncoding = 4; lastKnownFileType = file.storyboard; path = MainStoryboard_iPhone.storyboard; sourceTree = "<group>"; };
		BFC027C5168E899500CE3F80 /* main.m */ = {isa = PBXFileReference; fileEncoding = 4; lastKnownFileType = sourcecode.c.objc; path = main.m; sourceTree = "<group>"; };
		BFC027C6168E899500CE3F80 /* OtoTest-Info.plist */ = {isa = PBXFileReference; fileEncoding = 4; lastKnownFileType = text.plist.xml; path = "OtoTest-Info.plist"; sourceTree = "<group>"; };
		BFC027C7168E899500CE3F80 /* OtoTest-Prefix.pch */ = {isa = PBXFileReference; fileEncoding = 4; lastKnownFileType = sourcecode.c.h; path = "OtoTest-Prefix.pch"; sourceTree = "<group>"; };
		BFC027E1168F603400CE3F80 /* 10000Hz.mp3 */ = {isa = PBXFileReference; lastKnownFileType = audio.mp3; path = 10000Hz.mp3; sourceTree = "<group>"; };
		BFC027E3168F603400CE3F80 /* 12500Hz.mp3 */ = {isa = PBXFileReference; lastKnownFileType = audio.mp3; path = 12500Hz.mp3; sourceTree = "<group>"; };
		BFC027E5168F603400CE3F80 /* 16000Hz.mp3 */ = {isa = PBXFileReference; lastKnownFileType = audio.mp3; path = 16000Hz.mp3; sourceTree = "<group>"; };
		BFC027E6168F603400CE3F80 /* 8000Hz.mp3 */ = {isa = PBXFileReference; lastKnownFileType = audio.mp3; path = 8000Hz.mp3; sourceTree = "<group>"; };
		BFC027F816905A0500CE3F80 /* OTResult.h */ = {isa = PBXFileReference; fileEncoding = 4; lastKnownFileType = sourcecode.c.h; path = OTResult.h; sourceTree = "<group>"; };
		BFC027FB16905A0600CE3F80 /* OTFrequencyResult.h */ = {isa = PBXFileReference; fileEncoding = 4; lastKnownFileType = sourcecode.c.h; path = OTFrequencyResult.h; sourceTree = "<group>"; };
		BFC027FC16905A0600CE3F80 /* OTFrequencyResult.m */ = {isa = PBXFileReference; fileEncoding = 4; lastKnownFileType = sourcecode.c.objc; path = OTFrequencyResult.m; sourceTree = "<group>"; };
		BFC0282F169105F200CE3F80 /* CoreData.framework */ = {isa = PBXFileReference; lastKnownFileType = wrapper.framework; name = CoreData.framework; path = System/Library/Frameworks/CoreData.framework; sourceTree = SDKROOT; };
		BFC0283D16917C5600CE3F80 /* OTViewController.h */ = {isa = PBXFileReference; fileEncoding = 4; lastKnownFileType = sourcecode.c.h; path = OTViewController.h; sourceTree = "<group>"; };
		BFC0283E16917C5600CE3F80 /* OTViewController.m */ = {isa = PBXFileReference; fileEncoding = 4; lastKnownFileType = sourcecode.c.objc; path = OTViewController.m; sourceTree = "<group>"; };
		BFC02840169180E000CE3F80 /* Models.h */ = {isa = PBXFileReference; lastKnownFileType = sourcecode.c.h; path = Models.h; sourceTree = "<group>"; };
		BFC028411691888F00CE3F80 /* ResultsTableViewController.h */ = {isa = PBXFileReference; fileEncoding = 4; lastKnownFileType = sourcecode.c.h; path = ResultsTableViewController.h; sourceTree = "<group>"; };
		BFC028421691888F00CE3F80 /* ResultsTableViewController.m */ = {isa = PBXFileReference; fileEncoding = 4; lastKnownFileType = sourcecode.c.objc; path = ResultsTableViewController.m; sourceTree = "<group>"; };
		BFC02844169275E700CE3F80 /* AVFoundation.framework */ = {isa = PBXFileReference; lastKnownFileType = wrapper.framework; name = AVFoundation.framework; path = System/Library/Frameworks/AVFoundation.framework; sourceTree = SDKROOT; };
		BFC0284716945ABF00CE3F80 /* NSArray-Blocks.h */ = {isa = PBXFileReference; fileEncoding = 4; lastKnownFileType = sourcecode.c.h; path = "NSArray-Blocks.h"; sourceTree = "<group>"; };
		BFC0284816945ABF00CE3F80 /* NSArray-Blocks.m */ = {isa = PBXFileReference; fileEncoding = 4; lastKnownFileType = sourcecode.c.objc; path = "NSArray-Blocks.m"; sourceTree = "<group>"; };
		BFC0284B1694D29F00CE3F80 /* OTShared.h */ = {isa = PBXFileReference; fileEncoding = 4; lastKnownFileType = sourcecode.c.h; path = OTShared.h; sourceTree = "<group>"; };
		BFC0284C1694D29F00CE3F80 /* OTShared.m */ = {isa = PBXFileReference; fileEncoding = 4; lastKnownFileType = sourcecode.c.objc; path = OTShared.m; sourceTree = "<group>"; };
		BFC0284E169525AF00CE3F80 /* OTResult.m */ = {isa = PBXFileReference; fileEncoding = 4; lastKnownFileType = sourcecode.c.objc; path = OTResult.m; sourceTree = "<group>"; };
		BFC35EB716A1064D00E9467A /* ResultsTabBarIcon.png */ = {isa = PBXFileReference; lastKnownFileType = image.png; path = ResultsTabBarIcon.png; sourceTree = "<group>"; };
		BFC35EB816A1064D00E9467A /* ResultsTabBarIcon@2x.png */ = {isa = PBXFileReference; lastKnownFileType = image.png; path = "ResultsTabBarIcon@2x.png"; sourceTree = "<group>"; };
		BFC35EBB16A10B2900E9467A /* TestTabBarIcon.png */ = {isa = PBXFileReference; lastKnownFileType = image.png; path = TestTabBarIcon.png; sourceTree = "<group>"; };
		BFC35EBC16A10B2900E9467A /* TestTabBarIcon@2x.png */ = {isa = PBXFileReference; lastKnownFileType = image.png; path = "TestTabBarIcon@2x.png"; sourceTree = "<group>"; };
/* End PBXFileReference section */

/* Begin PBXFrameworksBuildPhase section */
		BF16159B1685294400C9CB0E /* Frameworks */ = {
			isa = PBXFrameworksBuildPhase;
			buildActionMask = 2147483647;
			files = (
				BF078EF11870DA3B007A8528 /* MediaPlayer.framework in Frameworks */,
				BF7E082E177EC99F000A2253 /* CoreImage.framework in Frameworks */,
				BF3867D81696CEE600D46E58 /* MessageUI.framework in Frameworks */,
				BFC02845169275E700CE3F80 /* AVFoundation.framework in Frameworks */,
				BFC02830169105F300CE3F80 /* CoreData.framework in Frameworks */,
				BF1615A31685294400C9CB0E /* UIKit.framework in Frameworks */,
				BF1615A51685294400C9CB0E /* Foundation.framework in Frameworks */,
				BF1615A71685294400C9CB0E /* CoreGraphics.framework in Frameworks */,
				BFB95A3A177E70B6007D96DD /* Crashlytics.framework in Frameworks */,
			);
			runOnlyForDeploymentPostprocessing = 0;
		};
		BF1615CF1685294500C9CB0E /* Frameworks */ = {
			isa = PBXFrameworksBuildPhase;
			buildActionMask = 2147483647;
			files = (
				BFC0276E168E299C00CE3F80 /* SenTestingKit.framework in Frameworks */,
				BF1615D61685294500C9CB0E /* UIKit.framework in Frameworks */,
				BF1615D71685294500C9CB0E /* Foundation.framework in Frameworks */,
			);
			runOnlyForDeploymentPostprocessing = 0;
		};
/* End PBXFrameworksBuildPhase section */

/* Begin PBXGroup section */
		BF1615931685294400C9CB0E = {
			isa = PBXGroup;
			children = (
				BF078F1218767271007A8528 /* Default-568h@2x.png */,
				BFC027AF168E899500CE3F80 /* OtoTest */,
				BFC027A8168E899500CE3F80 /* OtoTestTests */,
				BF1615A11685294400C9CB0E /* Frameworks */,
				BF16159F1685294400C9CB0E /* Products */,
			);
			sourceTree = "<group>";
		};
		BF16159F1685294400C9CB0E /* Products */ = {
			isa = PBXGroup;
			children = (
				BF16159E1685294400C9CB0E /* OtoTest.app */,
				BF1615D31685294500C9CB0E /* OtoTestTests.octest */,
			);
			name = Products;
			sourceTree = "<group>";
		};
		BF1615A11685294400C9CB0E /* Frameworks */ = {
			isa = PBXGroup;
			children = (
				BF078EF01870DA3B007A8528 /* MediaPlayer.framework */,
				BF7E082C177EC965000A2253 /* CoreImage.framework */,
				BFB95A39177E70B6007D96DD /* Crashlytics.framework */,
				BF3867D71696CEE600D46E58 /* MessageUI.framework */,
				BFC02844169275E700CE3F80 /* AVFoundation.framework */,
				BFC0282F169105F200CE3F80 /* CoreData.framework */,
				BFC0276C168E297600CE3F80 /* SenTestingKit.framework */,
				BF1615A21685294400C9CB0E /* UIKit.framework */,
				BF1615A41685294400C9CB0E /* Foundation.framework */,
				BF1615A61685294400C9CB0E /* CoreGraphics.framework */,
			);
			name = Frameworks;
			sourceTree = "<group>";
		};
		BFC027A8168E899500CE3F80 /* OtoTestTests */ = {
			isa = PBXGroup;
			children = (
				BFC027A9168E899500CE3F80 /* OtoTestTests.h */,
				BFC027AA168E899500CE3F80 /* OtoTestTests.m */,
				BFAABC01169EB45E002C3316 /* HearingTestTests.h */,
				BFAABC02169EB45E002C3316 /* HearingTestTests.m */,
				BFC027AB168E899500CE3F80 /* SupportingFiles */,
			);
			path = OtoTestTests;
			sourceTree = "<group>";
		};
		BFC027AB168E899500CE3F80 /* SupportingFiles */ = {
			isa = PBXGroup;
			children = (
				BFC027AC168E899500CE3F80 /* InfoPlist.strings */,
				BFC027AE168E899500CE3F80 /* OtoTestTests-Info.plist */,
			);
			path = SupportingFiles;
			sourceTree = "<group>";
		};
		BFC027AF168E899500CE3F80 /* OtoTest */ = {
			isa = PBXGroup;
			children = (
				BFC027B0168E899500CE3F80 /* AppDelegate */,
				BFC027B3168E899500CE3F80 /* Controllers */,
				BFC027C0168E899500CE3F80 /* Models */,
				BFC027C1168E899500CE3F80 /* Storyboards */,
				BFC0284616945ABE00CE3F80 /* Helpers */,
				BFC027C4168E899500CE3F80 /* SupportingFiles */,
				BFC027BA168E899500CE3F80 /* Images */,
				BFC027E0168F603300CE3F80 /* Sounds */,
			);
			path = OtoTest;
			sourceTree = "<group>";
		};
		BFC027B0168E899500CE3F80 /* AppDelegate */ = {
			isa = PBXGroup;
			children = (
				BFC027B1168E899500CE3F80 /* AppDelegate.h */,
				BFC027B2168E899500CE3F80 /* AppDelegate.m */,
			);
			path = AppDelegate;
			sourceTree = "<group>";
		};
		BFC027B3168E899500CE3F80 /* Controllers */ = {
			isa = PBXGroup;
			children = (
				BFC027B4168E899500CE3F80 /* TestViewController.h */,
				BFC027B5168E899500CE3F80 /* TestViewController.m */,
				BF10EFF4170D38E100FC1323 /* TestStartViewController.h */,
				BF10EFF5170D38E100FC1323 /* TestStartViewController.m */,
				BF7373BE169FF5E200398A09 /* OTNavigationController.h */,
				BF7373BF169FF5E200398A09 /* OTNavigationController.m */,
				BFC028411691888F00CE3F80 /* ResultsTableViewController.h */,
				BFC028421691888F00CE3F80 /* ResultsTableViewController.m */,
				BF7373BA169FE3A800398A09 /* ResultDetailTableViewController.h */,
				BF7373BB169FE3A900398A09 /* ResultDetailTableViewController.m */,
				BFC0283D16917C5600CE3F80 /* OTViewController.h */,
				BFC0283E16917C5600CE3F80 /* OTViewController.m */,
				BFB95A30177CFC9E007D96DD /* SettingsViewController.h */,
				BFB95A31177CFC9E007D96DD /* SettingsViewController.m */,
			);
			path = Controllers;
			sourceTree = "<group>";
		};
		BFC027BA168E899500CE3F80 /* Images */ = {
			isa = PBXGroup;
			children = (
				BFC35EC116A10ECD00E9467A /* LaunchImages */,
				BFC35EB216A0FF1800E9467A /* AppIcons */,
				BFC027BB168E899500CE3F80 /* TabBarItems */,
			);
			path = Images;
			sourceTree = "<group>";
		};
		BFC027BB168E899500CE3F80 /* TabBarItems */ = {
			isa = PBXGroup;
			children = (
				BFB95A34177D0BD5007D96DD /* SettingsTabBarIcon.png */,
				BFB95A35177D0BD6007D96DD /* SettingsTabBarIcon@2x.png */,
				BFC35EBB16A10B2900E9467A /* TestTabBarIcon.png */,
				BFC35EBC16A10B2900E9467A /* TestTabBarIcon@2x.png */,
				BFC35EB716A1064D00E9467A /* ResultsTabBarIcon.png */,
				BFC35EB816A1064D00E9467A /* ResultsTabBarIcon@2x.png */,
			);
			path = TabBarItems;
			sourceTree = "<group>";
		};
		BFC027C0168E899500CE3F80 /* Models */ = {
			isa = PBXGroup;
			children = (
				BFC02840169180E000CE3F80 /* Models.h */,
				BFC027F816905A0500CE3F80 /* OTResult.h */,
				BFC0284E169525AF00CE3F80 /* OTResult.m */,
				BFC027FB16905A0600CE3F80 /* OTFrequencyResult.h */,
				BFC027FC16905A0600CE3F80 /* OTFrequencyResult.m */,
				BFAABC04169F4CE2002C3316 /* OtoTest.xcdatamodeld */,
			);
			path = Models;
			sourceTree = "<group>";
		};
		BFC027C1168E899500CE3F80 /* Storyboards */ = {
			isa = PBXGroup;
			children = (
				BFC027C3168E899500CE3F80 /* MainStoryboard_iPhone.storyboard */,
			);
			path = Storyboards;
			sourceTree = "<group>";
		};
		BFC027C4168E899500CE3F80 /* SupportingFiles */ = {
			isa = PBXGroup;
			children = (
				BFC027C5168E899500CE3F80 /* main.m */,
				BFC027C6168E899500CE3F80 /* OtoTest-Info.plist */,
				BFC027C7168E899500CE3F80 /* OtoTest-Prefix.pch */,
			);
			path = SupportingFiles;
			sourceTree = "<group>";
		};
		BFC027E0168F603300CE3F80 /* Sounds */ = {
			isa = PBXGroup;
			children = (
				BFC027E1168F603400CE3F80 /* 10000Hz.mp3 */,
				BFC027E3168F603400CE3F80 /* 12500Hz.mp3 */,
				BFC027E5168F603400CE3F80 /* 16000Hz.mp3 */,
				BFC027E6168F603400CE3F80 /* 8000Hz.mp3 */,
			);
			path = Sounds;
			sourceTree = "<group>";
		};
		BFC0284616945ABE00CE3F80 /* Helpers */ = {
			isa = PBXGroup;
			children = (
				BFC0284716945ABF00CE3F80 /* NSArray-Blocks.h */,
				BFC0284816945ABF00CE3F80 /* NSArray-Blocks.m */,
				BFC0284B1694D29F00CE3F80 /* OTShared.h */,
				BFC0284C1694D29F00CE3F80 /* OTShared.m */,
			);
			path = Helpers;
			sourceTree = "<group>";
		};
		BFC35EB216A0FF1800E9467A /* AppIcons */ = {
			isa = PBXGroup;
			children = (
				BF078F1018766D4A007A8528 /* AppIcon-Small-50@2x.png */,
				BF078EF218766B0F007A8528 /* AppIcon-76.png */,
				BF078EF318766B0F007A8528 /* AppIcon-76@2x.png */,
				BF078EF418766B0F007A8528 /* AppIcon-Small-50.png */,
				BF078EF518766B0F007A8528 /* AppIcon-Small.png */,
				BF078EF618766B0F007A8528 /* AppIcon-Small@2x.png */,
				BF078EF718766B0F007A8528 /* AppIcon.png */,
				BF078EF818766B0F007A8528 /* AppIcon@2x.png */,
				BF078EF918766B0F007A8528 /* iTunesArtwork.png */,
				BF078EFA18766B0F007A8528 /* iTunesArtwork@2x.png */,
				BF078EFB18766B0F007A8528 /* AppIcon-40.png */,
				BF078EFC18766B0F007A8528 /* AppIcon-40@2x.png */,
				BF078EFD18766B0F007A8528 /* AppIcon-60.png */,
				BF078EFE18766B0F007A8528 /* AppIcon-60@2x.png */,
				BF078EFF18766B0F007A8528 /* AppIcon-72.png */,
				BF078F0018766B0F007A8528 /* AppIcon-72@2x.png */,
			);
			name = AppIcons;
			sourceTree = "<group>";
		};
		BFC35EC116A10ECD00E9467A /* LaunchImages */ = {
			isa = PBXGroup;
			children = (
			);
			name = LaunchImages;
			sourceTree = "<group>";
		};
/* End PBXGroup section */

/* Begin PBXNativeTarget section */
		BF16159D1685294400C9CB0E /* OtoTest */ = {
			isa = PBXNativeTarget;
			buildConfigurationList = BF1615E51685294500C9CB0E /* Build configuration list for PBXNativeTarget "OtoTest" */;
			buildPhases = (
				BF16159A1685294400C9CB0E /* Sources */,
				BF16159B1685294400C9CB0E /* Frameworks */,
				BF16159C1685294400C9CB0E /* Resources */,
				BFB95A38177E707A007D96DD /* ShellScript */,
			);
			buildRules = (
			);
			dependencies = (
			);
			name = OtoTest;
			productName = iOSRefresh;
			productReference = BF16159E1685294400C9CB0E /* OtoTest.app */;
			productType = "com.apple.product-type.application";
		};
		BF1615D21685294500C9CB0E /* OtoTestTests */ = {
			isa = PBXNativeTarget;
			buildConfigurationList = BF1615E81685294500C9CB0E /* Build configuration list for PBXNativeTarget "OtoTestTests" */;
			buildPhases = (
				BF1615CE1685294500C9CB0E /* Sources */,
				BF1615CF1685294500C9CB0E /* Frameworks */,
				BF1615D01685294500C9CB0E /* Resources */,
				BF1615D11685294500C9CB0E /* ShellScript */,
			);
			buildRules = (
			);
			dependencies = (
				BF1615D91685294500C9CB0E /* PBXTargetDependency */,
			);
			name = OtoTestTests;
			productName = iOSRefreshTests;
			productReference = BF1615D31685294500C9CB0E /* OtoTestTests.octest */;
			productType = "com.apple.product-type.bundle";
		};
/* End PBXNativeTarget section */

/* Begin PBXProject section */
		BF1615951685294400C9CB0E /* Project object */ = {
			isa = PBXProject;
			attributes = {
				CLASSPREFIX = OT;
				LastUpgradeCheck = 0450;
				ORGANIZATIONNAME = alden;
			};
			buildConfigurationList = BF1615981685294400C9CB0E /* Build configuration list for PBXProject "OtoTest" */;
			compatibilityVersion = "Xcode 3.2";
			developmentRegion = English;
			hasScannedForEncodings = 0;
			knownRegions = (
				en,
			);
			mainGroup = BF1615931685294400C9CB0E;
			productRefGroup = BF16159F1685294400C9CB0E /* Products */;
			projectDirPath = "";
			projectRoot = "";
			targets = (
				BF16159D1685294400C9CB0E /* OtoTest */,
				BF1615D21685294500C9CB0E /* OtoTestTests */,
			);
		};
/* End PBXProject section */

/* Begin PBXResourcesBuildPhase section */
		BF16159C1685294400C9CB0E /* Resources */ = {
			isa = PBXResourcesBuildPhase;
			buildActionMask = 2147483647;
			files = (
				BF078F0218766B0F007A8528 /* AppIcon-76@2x.png in Resources */,
				BF078F0D18766B0F007A8528 /* AppIcon-60@2x.png in Resources */,
				BF078F0B18766B0F007A8528 /* AppIcon-40@2x.png in Resources */,
				BFC027C9168E899500CE3F80 /* InfoPlist.strings in Resources */,
				BF078F0F18766B0F007A8528 /* AppIcon-72@2x.png in Resources */,
				BF078F0618766B0F007A8528 /* AppIcon.png in Resources */,
				BF078F1318767271007A8528 /* Default-568h@2x.png in Resources */,
				BF078F1118766D4A007A8528 /* AppIcon-Small-50@2x.png in Resources */,
				BF078F0318766B0F007A8528 /* AppIcon-Small-50.png in Resources */,
				BFC027D4168E899500CE3F80 /* MainStoryboard_iPhone.storyboard in Resources */,
				BF078F0518766B0F007A8528 /* AppIcon-Small@2x.png in Resources */,
				BF078F0418766B0F007A8528 /* AppIcon-Small.png in Resources */,
				BFC027E8168F603400CE3F80 /* 10000Hz.mp3 in Resources */,
				BFC027EA168F603400CE3F80 /* 12500Hz.mp3 in Resources */,
				BFC027EC168F603400CE3F80 /* 16000Hz.mp3 in Resources */,
				BFC027ED168F603400CE3F80 /* 8000Hz.mp3 in Resources */,
				BFC35EB916A1064D00E9467A /* ResultsTabBarIcon.png in Resources */,
				BF078F0718766B0F007A8528 /* AppIcon@2x.png in Resources */,
				BF078F0E18766B0F007A8528 /* AppIcon-72.png in Resources */,
				BF078F0C18766B0F007A8528 /* AppIcon-60.png in Resources */,
				BFC35EBA16A1064D00E9467A /* ResultsTabBarIcon@2x.png in Resources */,
				BF078F0A18766B0F007A8528 /* AppIcon-40.png in Resources */,
				BFC35EBD16A10B2900E9467A /* TestTabBarIcon.png in Resources */,
				BFC35EBE16A10B2900E9467A /* TestTabBarIcon@2x.png in Resources */,
				BF078F0918766B0F007A8528 /* iTunesArtwork@2x.png in Resources */,
				BF078F0118766B0F007A8528 /* AppIcon-76.png in Resources */,
				BFB95A36177D0BD6007D96DD /* SettingsTabBarIcon.png in Resources */,
				BF078F0818766B0F007A8528 /* iTunesArtwork.png in Resources */,
				BFB95A37177D0BD6007D96DD /* SettingsTabBarIcon@2x.png in Resources */,
			);
			runOnlyForDeploymentPostprocessing = 0;
		};
		BF1615D01685294500C9CB0E /* Resources */ = {
			isa = PBXResourcesBuildPhase;
			buildActionMask = 2147483647;
			files = (
			);
			runOnlyForDeploymentPostprocessing = 0;
		};
/* End PBXResourcesBuildPhase section */

/* Begin PBXShellScriptBuildPhase section */
		BF1615D11685294500C9CB0E /* ShellScript */ = {
			isa = PBXShellScriptBuildPhase;
			buildActionMask = 2147483647;
			files = (
			);
			inputPaths = (
			);
			outputPaths = (
			);
			runOnlyForDeploymentPostprocessing = 0;
			shellPath = /bin/sh;
			shellScript = "# Run the unit tests in this test bundle.\n\"${SYSTEM_DEVELOPER_DIR}/Tools/RunUnitTests\"\n";
		};
		BFB95A38177E707A007D96DD /* ShellScript */ = {
			isa = PBXShellScriptBuildPhase;
			buildActionMask = 2147483647;
			files = (
			);
			inputPaths = (
			);
			outputPaths = (
			);
			runOnlyForDeploymentPostprocessing = 0;
			shellPath = /bin/sh;
			shellScript = "./Crashlytics.framework/run 8aa032ef5873cc0d5b2c2e38ddb5cc9d893905ed";
		};
/* End PBXShellScriptBuildPhase section */

/* Begin PBXSourcesBuildPhase section */
		BF16159A1685294400C9CB0E /* Sources */ = {
			isa = PBXSourcesBuildPhase;
			buildActionMask = 2147483647;
			files = (
				BFC027CB168E899500CE3F80 /* AppDelegate.m in Sources */,
				BFC027CC168E899500CE3F80 /* TestViewController.m in Sources */,
				BFC027D5168E899500CE3F80 /* main.m in Sources */,
				BFC027FD16905A0600CE3F80 /* OTFrequencyResult.m in Sources */,
				BFC0283F16917C5700CE3F80 /* OTViewController.m in Sources */,
				BFC028431691889000CE3F80 /* ResultsTableViewController.m in Sources */,
				BFC0284916945ABF00CE3F80 /* NSArray-Blocks.m in Sources */,
				BFC0284D1694D29F00CE3F80 /* OTShared.m in Sources */,
				BFC0284F169525B000CE3F80 /* OTResult.m in Sources */,
				BFAABC06169F4CE2002C3316 /* OtoTest.xcdatamodeld in Sources */,
				BF7373BC169FE3A900398A09 /* ResultDetailTableViewController.m in Sources */,
				BF7373C0169FF5E200398A09 /* OTNavigationController.m in Sources */,
				BF10EFF6170D38E100FC1323 /* TestStartViewController.m in Sources */,
				BFB95A32177CFC9E007D96DD /* SettingsViewController.m in Sources */,
			);
			runOnlyForDeploymentPostprocessing = 0;
		};
		BF1615CE1685294500C9CB0E /* Sources */ = {
			isa = PBXSourcesBuildPhase;
			buildActionMask = 2147483647;
			files = (
				BFC027D7168E8A1000CE3F80 /* OtoTestTests.m in Sources */,
				BFAABC03169EB45E002C3316 /* HearingTestTests.m in Sources */,
			);
			runOnlyForDeploymentPostprocessing = 0;
		};
/* End PBXSourcesBuildPhase section */

/* Begin PBXTargetDependency section */
		BF1615D91685294500C9CB0E /* PBXTargetDependency */ = {
			isa = PBXTargetDependency;
			target = BF16159D1685294400C9CB0E /* OtoTest */;
			targetProxy = BF1615D81685294500C9CB0E /* PBXContainerItemProxy */;
		};
/* End PBXTargetDependency section */

/* Begin PBXVariantGroup section */
		BFC027AC168E899500CE3F80 /* InfoPlist.strings */ = {
			isa = PBXVariantGroup;
			children = (
				BFC027AD168E899500CE3F80 /* en */,
			);
			name = InfoPlist.strings;
			sourceTree = "<group>";
		};
/* End PBXVariantGroup section */

/* Begin XCBuildConfiguration section */
		BF1615E31685294500C9CB0E /* Debug */ = {
			isa = XCBuildConfiguration;
			buildSettings = {
				ALWAYS_SEARCH_USER_PATHS = NO;
				CLANG_CXX_LANGUAGE_STANDARD = "gnu++0x";
				CLANG_CXX_LIBRARY = "libc++";
				CLANG_ENABLE_OBJC_ARC = YES;
				CLANG_WARN_EMPTY_BODY = YES;
				CLANG_WARN__DUPLICATE_METHOD_MATCH = YES;
				"CODE_SIGN_IDENTITY[sdk=iphoneos*]" = "iPhone Developer";
				COPY_PHASE_STRIP = NO;
				GCC_C_LANGUAGE_STANDARD = gnu99;
				GCC_DYNAMIC_NO_PIC = NO;
				GCC_OPTIMIZATION_LEVEL = 0;
				GCC_PREPROCESSOR_DEFINITIONS = (
					"DEBUG=1",
					"$(inherited)",
				);
				GCC_SYMBOLS_PRIVATE_EXTERN = NO;
				GCC_WARN_ABOUT_RETURN_TYPE = YES;
				GCC_WARN_UNINITIALIZED_AUTOS = YES;
				GCC_WARN_UNUSED_VARIABLE = YES;
				IPHONEOS_DEPLOYMENT_TARGET = 5.1;
				ONLY_ACTIVE_ARCH = YES;
				SDKROOT = iphoneos;
				TARGETED_DEVICE_FAMILY = "1,2";
			};
			name = Debug;
		};
		BF1615E41685294500C9CB0E /* Release */ = {
			isa = XCBuildConfiguration;
			buildSettings = {
				ALWAYS_SEARCH_USER_PATHS = NO;
				CLANG_CXX_LANGUAGE_STANDARD = "gnu++0x";
				CLANG_CXX_LIBRARY = "libc++";
				CLANG_ENABLE_OBJC_ARC = YES;
				CLANG_WARN_EMPTY_BODY = YES;
				CLANG_WARN__DUPLICATE_METHOD_MATCH = YES;
				"CODE_SIGN_IDENTITY[sdk=iphoneos*]" = "iPhone Developer";
				COPY_PHASE_STRIP = YES;
				GCC_C_LANGUAGE_STANDARD = gnu99;
				GCC_WARN_ABOUT_RETURN_TYPE = YES;
				GCC_WARN_UNINITIALIZED_AUTOS = YES;
				GCC_WARN_UNUSED_VARIABLE = YES;
				IPHONEOS_DEPLOYMENT_TARGET = 5.1;
				OTHER_CFLAGS = "-DNS_BLOCK_ASSERTIONS=1";
				SDKROOT = iphoneos;
				TARGETED_DEVICE_FAMILY = "1,2";
				VALIDATE_PRODUCT = YES;
			};
			name = Release;
		};
		BF1615E61685294500C9CB0E /* Debug */ = {
			isa = XCBuildConfiguration;
			buildSettings = {
				CODE_SIGN_IDENTITY = "iPhone Developer";
				FRAMEWORK_SEARCH_PATHS = (
					"$(inherited)",
					"\"$(SYSTEM_APPS_DIR)/Xcode.app/Contents/Developer/Library/Frameworks\"",
					"\"$(SRCROOT)\"",
				);
				GCC_PRECOMPILE_PREFIX_HEADER = YES;
				GCC_PREFIX_HEADER = "OtoTest/SupportingFiles/OtoTest-Prefix.pch";
				INFOPLIST_FILE = "$(SRCROOT)/OtoTest/SupportingFiles/OtoTest-Info.plist";
				IPHONEOS_DEPLOYMENT_TARGET = 6.0;
				PRODUCT_NAME = OtoTest;
				PROVISIONING_PROFILE = "";
				TARGETED_DEVICE_FAMILY = "1,2";
				WRAPPER_EXTENSION = app;
			};
			name = Debug;
		};
		BF1615E71685294500C9CB0E /* Release */ = {
			isa = XCBuildConfiguration;
			buildSettings = {
				CODE_SIGN_IDENTITY = "iPhone Distribution";
				"CODE_SIGN_IDENTITY[sdk=iphoneos*]" = "iPhone Distribution";
				FRAMEWORK_SEARCH_PATHS = (
					"$(inherited)",
					"\"$(SYSTEM_APPS_DIR)/Xcode.app/Contents/Developer/Library/Frameworks\"",
					"\"$(SRCROOT)\"",
				);
				GCC_PRECOMPILE_PREFIX_HEADER = YES;
				GCC_PREFIX_HEADER = "OtoTest/SupportingFiles/OtoTest-Prefix.pch";
				INFOPLIST_FILE = "$(SRCROOT)/OtoTest/SupportingFiles/OtoTest-Info.plist";
				IPHONEOS_DEPLOYMENT_TARGET = 6.0;
				PRODUCT_NAME = OtoTest;
				PROVISIONING_PROFILE = "";
				"PROVISIONING_PROFILE[sdk=iphoneos*]" = "";
				TARGETED_DEVICE_FAMILY = "1,2";
				WRAPPER_EXTENSION = app;
			};
			name = Release;
		};
		BF1615E91685294500C9CB0E /* Debug */ = {
			isa = XCBuildConfiguration;
			buildSettings = {
				BUNDLE_LOADER = "$(BUILT_PRODUCTS_DIR)/OtoTest.app/OtoTest";
				FRAMEWORK_SEARCH_PATHS = (
					"\"$(SDKROOT)/Developer/Library/Frameworks\"",
					"\"$(DEVELOPER_LIBRARY_DIR)/Frameworks\"",
				);
				GCC_PRECOMPILE_PREFIX_HEADER = YES;
				GCC_PREFIX_HEADER = "OtoTest/SupportingFiles/OtoTest-Prefix.pch";
				INFOPLIST_FILE = "OtoTestTests/SupportingFiles/OtoTestTests-Info.plist";
				PRODUCT_NAME = OtoTestTests;
				TEST_HOST = "$(BUNDLE_LOADER)";
				WRAPPER_EXTENSION = octest;
			};
			name = Debug;
		};
		BF1615EA1685294500C9CB0E /* Release */ = {
			isa = XCBuildConfiguration;
			buildSettings = {
				BUNDLE_LOADER = "$(BUILT_PRODUCTS_DIR)/OtoTest.app/OtoTest";
				FRAMEWORK_SEARCH_PATHS = (
					"\"$(SDKROOT)/Developer/Library/Frameworks\"",
					"\"$(DEVELOPER_LIBRARY_DIR)/Frameworks\"",
				);
				GCC_PRECOMPILE_PREFIX_HEADER = YES;
				GCC_PREFIX_HEADER = "OtoTest/SupportingFiles/OtoTest-Prefix.pch";
				INFOPLIST_FILE = "OtoTestTests/SupportingFiles/OtoTestTests-Info.plist";
				PRODUCT_NAME = OtoTestTests;
				TEST_HOST = "$(BUNDLE_LOADER)";
				WRAPPER_EXTENSION = octest;
			};
			name = Release;
		};
/* End XCBuildConfiguration section */

/* Begin XCConfigurationList section */
		BF1615981685294400C9CB0E /* Build configuration list for PBXProject "OtoTest" */ = {
			isa = XCConfigurationList;
			buildConfigurations = (
				BF1615E31685294500C9CB0E /* Debug */,
				BF1615E41685294500C9CB0E /* Release */,
			);
			defaultConfigurationIsVisible = 0;
			defaultConfigurationName = Release;
		};
		BF1615E51685294500C9CB0E /* Build configuration list for PBXNativeTarget "OtoTest" */ = {
			isa = XCConfigurationList;
			buildConfigurations = (
				BF1615E61685294500C9CB0E /* Debug */,
				BF1615E71685294500C9CB0E /* Release */,
			);
			defaultConfigurationIsVisible = 0;
			defaultConfigurationName = Release;
		};
		BF1615E81685294500C9CB0E /* Build configuration list for PBXNativeTarget "OtoTestTests" */ = {
			isa = XCConfigurationList;
			buildConfigurations = (
				BF1615E91685294500C9CB0E /* Debug */,
				BF1615EA1685294500C9CB0E /* Release */,
			);
			defaultConfigurationIsVisible = 0;
			defaultConfigurationName = Release;
		};
/* End XCConfigurationList section */

/* Begin XCVersionGroup section */
		BFAABC04169F4CE2002C3316 /* OtoTest.xcdatamodeld */ = {
			isa = XCVersionGroup;
			children = (
				BFAABC05169F4CE2002C3316 /* OtoTest0.xcdatamodel */,
			);
			currentVersion = BFAABC05169F4CE2002C3316 /* OtoTest0.xcdatamodel */;
			path = OtoTest.xcdatamodeld;
			sourceTree = "<group>";
			versionGroupType = wrapper.xcdatamodel;
		};
/* End XCVersionGroup section */
	};
	rootObject = BF1615951685294400C9CB0E /* Project object */;
}
